
Microsoft Visual Studio Solution File, Format Version 12.00
# Visual Studio Version 17
VisualStudioVersion = 17.0.31903.59
MinimumVisualStudioVersion = 10.0.40219.1
Project("{2150E333-8FDC-42A3-9474-1A3956D46DE8}") = "src", "src", "{827E0CD3-B72D-47B6-A68D-7590B98EB39B}"
EndProject
Project("{FAE04EC0-301F-11D3-BF4B-00C04F79EFBC}") = "PerformanceLab.Core", "src\PerformanceLab.Core\PerformanceLab.Core.csproj", "{872F330D-E5E8-4378-B4D3-E1BA4277BC83}"
EndProject
Project("{FAE04EC0-301F-11D3-BF4B-00C04F79EFBC}") = "PerformanceLab.Infrastructure", "src\PerformanceLab.Infrastructure\PerformanceLab.Infrastructure.csproj", "{0574EB8F-F562-4040-82C8-5D5654CC9BDD}"
EndProject
Project("{FAE04EC0-301F-11D3-BF4B-00C04F79EFBC}") = "PerformanceLab.Api", "src\PerformanceLab.Api\PerformanceLab.Api.csproj", "{7C8E4607-DC37-4810-B6D6-05BDECA988C9}"
EndProject
Project("{FAE04EC0-301F-11D3-BF4B-00C04F79EFBC}") = "PerformanceLab.Workers", "src\PerformanceLab.Workers\PerformanceLab.Workers.csproj", "{623DC166-A23F-4392-A00F-B2A6E11EE359}"
EndProject
Project("{2150E333-8FDC-42A3-9474-1A3956D46DE8}") = "tests", "tests", "{0AB3BF05-4346-4AA6-1389-037BE0695223}"
EndProject
Project("{FAE04EC0-301F-11D3-BF4B-00C04F79EFBC}") = "PerformanceLab.Tests", "tests\PerformanceLab.Tests\PerformanceLab.Tests.csproj", "{B00BFDBA-80E3-4C76-A921-2C3172A59A7E}"
EndProject
Project("{FAE04EC0-301F-11D3-BF4B-00C04F79EFBC}") = "PerformanceLab.Benchmarks", "tests\PerformanceLab.Benchmarks\PerformanceLab.Benchmarks.csproj", "{92143E23-B9A2-4944-B021-F976DE190A23}"
EndProject
Global
	GlobalSection(SolutionConfigurationPlatforms) = preSolution
		Debug|Any CPU = Debug|Any CPU
		Debug|x64 = Debug|x64
		Debug|x86 = Debug|x86
		Release|Any CPU = Release|Any CPU
		Release|x64 = Release|x64
		Release|x86 = Release|x86
	EndGlobalSection
	GlobalSection(ProjectConfigurationPlatforms) = postSolution
		{872F330D-E5E8-4378-B4D3-E1BA4277BC83}.Debug|Any CPU.ActiveCfg = Debug|Any CPU
		{872F330D-E5E8-4378-B4D3-E1BA4277BC83}.Debug|Any CPU.Build.0 = Debug|Any CPU
		{872F330D-E5E8-4378-B4D3-E1BA4277BC83}.Debug|x64.ActiveCfg = Debug|Any CPU
		{872F330D-E5E8-4378-B4D3-E1BA4277BC83}.Debug|x64.Build.0 = Debug|Any CPU
		{872F330D-E5E8-4378-B4D3-E1BA4277BC83}.Debug|x86.ActiveCfg = Debug|Any CPU
		{872F330D-E5E8-4378-B4D3-E1BA4277BC83}.Debug|x86.Build.0 = Debug|Any CPU
		{872F330D-E5E8-4378-B4D3-E1BA4277BC83}.Release|Any CPU.ActiveCfg = Release|Any CPU
		{872F330D-E5E8-4378-B4D3-E1BA4277BC83}.Release|Any CPU.Build.0 = Release|Any CPU
		{872F330D-E5E8-4378-B4D3-E1BA4277BC83}.Release|x64.ActiveCfg = Release|Any CPU
		{872F330D-E5E8-4378-B4D3-E1BA4277BC83}.Release|x64.Build.0 = Release|Any CPU
		{872F330D-E5E8-4378-B4D3-E1BA4277BC83}.Release|x86.ActiveCfg = Release|Any CPU
		{872F330D-E5E8-4378-B4D3-E1BA4277BC83}.Release|x86.Build.0 = Release|Any CPU
		{0574EB8F-F562-4040-82C8-5D5654CC9BDD}.Debug|Any CPU.ActiveCfg = Debug|Any CPU
		{0574EB8F-F562-4040-82C8-5D5654CC9BDD}.Debug|Any CPU.Build.0 = Debug|Any CPU
		{0574EB8F-F562-4040-82C8-5D5654CC9BDD}.Debug|x64.ActiveCfg = Debug|Any CPU
		{0574EB8F-F562-4040-82C8-5D5654CC9BDD}.Debug|x64.Build.0 = Debug|Any CPU
		{0574EB8F-F562-4040-82C8-5D5654CC9BDD}.Debug|x86.ActiveCfg = Debug|Any CPU
		{0574EB8F-F562-4040-82C8-5D5654CC9BDD}.Debug|x86.Build.0 = Debug|Any CPU
		{0574EB8F-F562-4040-82C8-5D5654CC9BDD}.Release|Any CPU.ActiveCfg = Release|Any CPU
		{0574EB8F-F562-4040-82C8-5D5654CC9BDD}.Release|Any CPU.Build.0 = Release|Any CPU
		{0574EB8F-F562-4040-82C8-5D5654CC9BDD}.Release|x64.ActiveCfg = Release|Any CPU
		{0574EB8F-F562-4040-82C8-5D5654CC9BDD}.Release|x64.Build.0 = Release|Any CPU
		{0574EB8F-F562-4040-82C8-5D5654CC9BDD}.Release|x86.ActiveCfg = Release|Any CPU
		{0574EB8F-F562-4040-82C8-5D5654CC9BDD}.Release|x86.Build.0 = Release|Any CPU
		{7C8E4607-DC37-4810-B6D6-05BDECA988C9}.Debug|Any CPU.ActiveCfg = Debug|Any CPU
		{7C8E4607-DC37-4810-B6D6-05BDECA988C9}.Debug|Any CPU.Build.0 = Debug|Any CPU
		{7C8E4607-DC37-4810-B6D6-05BDECA988C9}.Debug|x64.ActiveCfg = Debug|Any CPU
		{7C8E4607-DC37-4810-B6D6-05BDECA988C9}.Debug|x64.Build.0 = Debug|Any CPU
		{7C8E4607-DC37-4810-B6D6-05BDECA988C9}.Debug|x86.ActiveCfg = Debug|Any CPU
		{7C8E4607-DC37-4810-B6D6-05BDECA988C9}.Debug|x86.Build.0 = Debug|Any CPU
		{7C8E4607-DC37-4810-B6D6-05BDECA988C9}.Release|Any CPU.ActiveCfg = Release|Any CPU
		{7C8E4607-DC37-4810-B6D6-05BDECA988C9}.Release|Any CPU.Build.0 = Release|Any CPU
		{7C8E4607-DC37-4810-B6D6-05BDECA988C9}.Release|x64.ActiveCfg = Release|Any CPU
		{7C8E4607-DC37-4810-B6D6-05BDECA988C9}.Release|x64.Build.0 = Release|Any CPU
		{7C8E4607-DC37-4810-B6D6-05BDECA988C9}.Release|x86.ActiveCfg = Release|Any CPU
		{7C8E4607-DC37-4810-B6D6-05BDECA988C9}.Release|x86.Build.0 = Release|Any CPU
		{623DC166-A23F-4392-A00F-B2A6E11EE359}.Debug|Any CPU.ActiveCfg = Debug|Any CPU
		{623DC166-A23F-4392-A00F-B2A6E11EE359}.Debug|Any CPU.Build.0 = Debug|Any CPU
		{623DC166-A23F-4392-A00F-B2A6E11EE359}.Debug|x64.ActiveCfg = Debug|Any CPU
		{623DC166-A23F-4392-A00F-B2A6E11EE359}.Debug|x64.Build.0 = Debug|Any CPU
		{623DC166-A23F-4392-A00F-B2A6E11EE359}.Debug|x86.ActiveCfg = Debug|Any CPU
		{623DC166-A23F-4392-A00F-B2A6E11EE359}.Debug|x86.Build.0 = Debug|Any CPU
		{623DC166-A23F-4392-A00F-B2A6E11EE359}.Release|Any CPU.ActiveCfg = Release|Any CPU
		{623DC166-A23F-4392-A00F-B2A6E11EE359}.Release|Any CPU.Build.0 = Release|Any CPU
		{623DC166-A23F-4392-A00F-B2A6E11EE359}.Release|x64.ActiveCfg = Release|Any CPU
		{623DC166-A23F-4392-A00F-B2A6E11EE359}.Release|x64.Build.0 = Release|Any CPU
		{623DC166-A23F-4392-A00F-B2A6E11EE359}.Release|x86.ActiveCfg = Release|Any CPU
		{623DC166-A23F-4392-A00F-B2A6E11EE359}.Release|x86.Build.0 = Release|Any CPU
		{B00BFDBA-80E3-4C76-A921-2C3172A59A7E}.Debug|Any CPU.ActiveCfg = Debug|Any CPU
		{B00BFDBA-80E3-4C76-A921-2C3172A59A7E}.Debug|Any CPU.Build.0 = Debug|Any CPU
		{B00BFDBA-80E3-4C76-A921-2C3172A59A7E}.Debug|x64.ActiveCfg = Debug|Any CPU
		{B00BFDBA-80E3-4C76-A921-2C3172A59A7E}.Debug|x64.Build.0 = Debug|Any CPU
		{B00BFDBA-80E3-4C76-A921-2C3172A59A7E}.Debug|x86.ActiveCfg = Debug|Any CPU
		{B00BFDBA-80E3-4C76-A921-2C3172A59A7E}.Debug|x86.Build.0 = Debug|Any CPU
		{B00BFDBA-80E3-4C76-A921-2C3172A59A7E}.Release|Any CPU.ActiveCfg = Release|Any CPU
		{B00BFDBA-80E3-4C76-A921-2C3172A59A7E}.Release|Any CPU.Build.0 = Release|Any CPU
		{B00BFDBA-80E3-4C76-A921-2C3172A59A7E}.Release|x64.ActiveCfg = Release|Any CPU
		{B00BFDBA-80E3-4C76-A921-2C3172A59A7E}.Release|x64.Build.0 = Release|Any CPU
		{B00BFDBA-80E3-4C76-A921-2C3172A59A7E}.Release|x86.ActiveCfg = Release|Any CPU
		{B00BFDBA-80E3-4C76-A921-2C3172A59A7E}.Release|x86.Build.0 = Release|Any CPU
		{92143E23-B9A2-4944-B021-F976DE190A23}.Debug|Any CPU.ActiveCfg = Debug|Any CPU
		{92143E23-B9A2-4944-B021-F976DE190A23}.Debug|Any CPU.Build.0 = Debug|Any CPU
		{92143E23-B9A2-4944-B021-F976DE190A23}.Debug|x64.ActiveCfg = Debug|Any CPU
		{92143E23-B9A2-4944-B021-F976DE190A23}.Debug|x64.Build.0 = Debug|Any CPU
		{92143E23-B9A2-4944-B021-F976DE190A23}.Debug|x86.ActiveCfg = Debug|Any CPU
		{92143E23-B9A2-4944-B021-F976DE190A23}.Debug|x86.Build.0 = Debug|Any CPU
		{92143E23-B9A2-4944-B021-F976DE190A23}.Release|Any CPU.ActiveCfg = Release|Any CPU
		{92143E23-B9A2-4944-B021-F976DE190A23}.Release|Any CPU.Build.0 = Release|Any CPU
		{92143E23-B9A2-4944-B021-F976DE190A23}.Release|x64.ActiveCfg = Release|Any CPU
		{92143E23-B9A2-4944-B021-F976DE190A23}.Release|x64.Build.0 = Release|Any CPU
		{92143E23-B9A2-4944-B021-F976DE190A23}.Release|x86.ActiveCfg = Release|Any CPU
		{92143E23-B9A2-4944-B021-F976DE190A23}.Release|x86.Build.0 = Release|Any CPU
	EndGlobalSection
	GlobalSection(SolutionProperties) = preSolution
		HideSolutionNode = FALSE
	EndGlobalSection
	GlobalSection(NestedProjects) = preSolution
		{872F330D-E5E8-4378-B4D3-E1BA4277BC83} = {827E0CD3-B72D-47B6-A68D-7590B98EB39B}
		{0574EB8F-F562-4040-82C8-5D5654CC9BDD} = {827E0CD3-B72D-47B6-A68D-7590B98EB39B}
		{7C8E4607-DC37-4810-B6D6-05BDECA988C9} = {827E0CD3-B72D-47B6-A68D-7590B98EB39B}
		{623DC166-A23F-4392-A00F-B2A6E11EE359} = {827E0CD3-B72D-47B6-A68D-7590B98EB39B}
		{B00BFDBA-80E3-4C76-A921-2C3172A59A7E} = {0AB3BF05-4346-4AA6-1389-037BE0695223}
		{92143E23-B9A2-4944-B021-F976DE190A23} = {0AB3BF05-4346-4AA6-1389-037BE0695223}
	EndGlobalSection
EndGlobal
